
Microsoft Visual Studio Solution File, Format Version 12.00
# Visual Studio Version 17
VisualStudioVersion = 17.3.32929.385
MinimumVisualStudioVersion = 10.0.40219.1
Project("{FAE04EC0-301F-11D3-BF4B-00C04F79EFBC}") = "RawMaterialMangement", "PolyMangement\RawMaterialMangement.csproj", "{95FA66BC-0ADC-465D-83F3-172E0BB5E089}"
EndProject
Global
	GlobalSection(SolutionConfigurationPlatforms) = preSolution
		Debug|Any CPU = Debug|Any CPU
		Release|Any CPU = Release|Any CPU
	EndGlobalSection
	GlobalSection(ProjectConfigurationPlatforms) = postSolution
		{95FA66BC-0ADC-465D-83F3-172E0BB5E089}.Debug|Any CPU.ActiveCfg = Debug|Any CPU
		{95FA66BC-0ADC-465D-83F3-172E0BB5E089}.Debug|Any CPU.Build.0 = Debug|Any CPU
		{95FA66BC-0ADC-465D-83F3-172E0BB5E089}.Release|Any CPU.ActiveCfg = Release|Any CPU
		{95FA66BC-0ADC-465D-83F3-172E0BB5E089}.Release|Any CPU.Build.0 = Release|Any CPU
	EndGlobalSection
	GlobalSection(SolutionProperties) = preSolution
		HideSolutionNode = FALSE
	EndGlobalSection
	GlobalSection(ExtensibilityGlobals) = postSolution
		SolutionGuid = {CF7C141F-E1BE-4327-A6E5-319FBD2B3BBE}
	EndGlobalSection
EndGlobal
